
Microsoft Visual Studio Solution File, Format Version 12.00
# Visual Studio Version 16
VisualStudioVersion = 16.0.29613.14
MinimumVisualStudioVersion = 10.0.40219.1
Project("{9A19103F-16F7-4668-BE54-9A1E7A4F7556}") = "Glossary", "Glossary.csproj", "{043C14EA-C9C2-463E-994E-38C717F7797E}"
EndProject
Global
	GlobalSection(SolutionConfigurationPlatforms) = preSolution
		Debug|Any CPU = Debug|Any CPU
		Release|Any CPU = Release|Any CPU
	EndGlobalSection
	GlobalSection(ProjectConfigurationPlatforms) = postSolution
		{043C14EA-C9C2-463E-994E-38C717F7797E}.Debug|Any CPU.ActiveCfg = Debug|Any CPU
		{043C14EA-C9C2-463E-994E-38C717F7797E}.Debug|Any CPU.Build.0 = Debug|Any CPU
		{043C14EA-C9C2-463E-994E-38C717F7797E}.Release|Any CPU.ActiveCfg = Release|Any CPU
		{043C14EA-C9C2-463E-994E-38C717F7797E}.Release|Any CPU.Build.0 = Release|Any CPU
	EndGlobalSection
	GlobalSection(SolutionProperties) = preSolution
		HideSolutionNode = FALSE
	EndGlobalSection
	GlobalSection(ExtensibilityGlobals) = postSolution
		SolutionGuid = {82C96C2C-E824-4957-B005-E245C1D523D0}
	EndGlobalSection
EndGlobal
